// !$*UTF8*$!
{
	archiveVersion = 1;
	classes = {
	};
	objectVersion = 51;
	objects = {

/* Begin PBXBuildFile section */
		52256FA8263D7B8400A056DE /* MyProfileSection.swift in Sources */ = {isa = PBXBuildFile; fileRef = 52256FA6263D7B8400A056DE /* MyProfileSection.swift */; };
		52256FA9263D7B8400A056DE /* MyProfileSection.xib in Resources */ = {isa = PBXBuildFile; fileRef = 52256FA7263D7B8400A056DE /* MyProfileSection.xib */; };
		52256FAC263D7F4300A056DE /* SeparateLineCollectionViewCell.swift in Sources */ = {isa = PBXBuildFile; fileRef = 52256FAA263D7F4300A056DE /* SeparateLineCollectionViewCell.swift */; };
		52256FAD263D7F4300A056DE /* SeparateLineCollectionViewCell.xib in Resources */ = {isa = PBXBuildFile; fileRef = 52256FAB263D7F4300A056DE /* SeparateLineCollectionViewCell.xib */; };
		52256FB0263DBEFA00A056DE /* ExtensionCollectionViewCell.swift in Sources */ = {isa = PBXBuildFile; fileRef = 52256FAF263DBEFA00A056DE /* ExtensionCollectionViewCell.swift */; };
		52256FBD263DF5DF00A056DE /* MyContentsCollectionView.swift in Sources */ = {isa = PBXBuildFile; fileRef = 52256FBB263DF5DF00A056DE /* MyContentsCollectionView.swift */; };
		52256FBE263DF5DF00A056DE /* MyContentsCollectionView.xib in Resources */ = {isa = PBXBuildFile; fileRef = 52256FBC263DF5DF00A056DE /* MyContentsCollectionView.xib */; };
		52256FC1263DF76500A056DE /* MyContentsCollectionViewCell.swift in Sources */ = {isa = PBXBuildFile; fileRef = 52256FBF263DF76500A056DE /* MyContentsCollectionViewCell.swift */; };
		52256FC2263DF76500A056DE /* MyContentsCollectionViewCell.xib in Resources */ = {isa = PBXBuildFile; fileRef = 52256FC0263DF76500A056DE /* MyContentsCollectionViewCell.xib */; };
		52256FD32644326300A056DE /* TestSheetViewController.swift in Sources */ = {isa = PBXBuildFile; fileRef = 52256FD12644326300A056DE /* TestSheetViewController.swift */; };
		52256FD42644326300A056DE /* TestSheetViewController.xib in Resources */ = {isa = PBXBuildFile; fileRef = 52256FD22644326300A056DE /* TestSheetViewController.xib */; };
		5239733C261B625000856C99 /* SearchViewController.swift in Sources */ = {isa = PBXBuildFile; fileRef = 5239733B261B625000856C99 /* SearchViewController.swift */; };
		5239733F261B629A00856C99 /* CreationViewController.swift in Sources */ = {isa = PBXBuildFile; fileRef = 5239733E261B629A00856C99 /* CreationViewController.swift */; };
		52397342261B62A600856C99 /* MapViewController.swift in Sources */ = {isa = PBXBuildFile; fileRef = 52397341261B62A600856C99 /* MapViewController.swift */; };
		52397345261B62AF00856C99 /* MyViewController.swift in Sources */ = {isa = PBXBuildFile; fileRef = 52397344261B62AF00856C99 /* MyViewController.swift */; };
		528558D52621EC5000AB4E28 /* HomeViewModel.swift in Sources */ = {isa = PBXBuildFile; fileRef = 528558D42621EC5000AB4E28 /* HomeViewModel.swift */; };
		528558ED26249DDF00AB4E28 /* TestViewController.swift in Sources */ = {isa = PBXBuildFile; fileRef = 528558EC26249DDF00AB4E28 /* TestViewController.swift */; };
		528558F32624A2E700AB4E28 /* TestMapViewController.swift in Sources */ = {isa = PBXBuildFile; fileRef = 528558F12624A2E700AB4E28 /* TestMapViewController.swift */; };
		528558F42624A2E700AB4E28 /* TestMapViewController.xib in Resources */ = {isa = PBXBuildFile; fileRef = 528558F22624A2E700AB4E28 /* TestMapViewController.xib */; };
		528558F72624A99000AB4E28 /* BaseViewController.swift in Sources */ = {isa = PBXBuildFile; fileRef = 528558F62624A99000AB4E28 /* BaseViewController.swift */; };
		5285590B2629ECB900AB4E28 /* TestLoginViewController.swift in Sources */ = {isa = PBXBuildFile; fileRef = 528559092629ECB900AB4E28 /* TestLoginViewController.swift */; };
		5285590C2629ECB900AB4E28 /* TestLoginViewController.xib in Resources */ = {isa = PBXBuildFile; fileRef = 5285590A2629ECB900AB4E28 /* TestLoginViewController.xib */; };
		5285592B262DD99400AB4E28 /* MainTabBarController.swift in Sources */ = {isa = PBXBuildFile; fileRef = 5285592A262DD99400AB4E28 /* MainTabBarController.swift */; };
		52855930262DE5A700AB4E28 /* TabBarItem.swift in Sources */ = {isa = PBXBuildFile; fileRef = 5285592F262DE5A700AB4E28 /* TabBarItem.swift */; };
		529CF0C4261A0AF6002CAD5C /* AppDelegate.swift in Sources */ = {isa = PBXBuildFile; fileRef = 529CF0C3261A0AF6002CAD5C /* AppDelegate.swift */; };
		529CF0C6261A0AF6002CAD5C /* SceneDelegate.swift in Sources */ = {isa = PBXBuildFile; fileRef = 529CF0C5261A0AF6002CAD5C /* SceneDelegate.swift */; };
		529CF0C8261A0AF6002CAD5C /* HomeViewController.swift in Sources */ = {isa = PBXBuildFile; fileRef = 529CF0C7261A0AF6002CAD5C /* HomeViewController.swift */; };
		529CF0CB261A0AF6002CAD5C /* Main.storyboard in Resources */ = {isa = PBXBuildFile; fileRef = 529CF0C9261A0AF6002CAD5C /* Main.storyboard */; };
		529CF0CD261A0AF6002CAD5C /* Assets.xcassets in Resources */ = {isa = PBXBuildFile; fileRef = 529CF0CC261A0AF6002CAD5C /* Assets.xcassets */; };
		529CF0D0261A0AF6002CAD5C /* LaunchScreen.storyboard in Resources */ = {isa = PBXBuildFile; fileRef = 529CF0CE261A0AF6002CAD5C /* LaunchScreen.storyboard */; };
		F229FDEFC23BC3F98E7FDAC0 /* Pods_Restaurant.framework in Frameworks */ = {isa = PBXBuildFile; fileRef = F3F3CE4B984E3614EE1907F2 /* Pods_Restaurant.framework */; };
		FB1BE3652636CB540004673C /* MainTitleSection.swift in Sources */ = {isa = PBXBuildFile; fileRef = FB1BE3632636CB540004673C /* MainTitleSection.swift */; };
		FB1BE3662636CB540004673C /* MainTitleSection.xib in Resources */ = {isa = PBXBuildFile; fileRef = FB1BE3642636CB540004673C /* MainTitleSection.xib */; };
		FB1BE36A2636D7330004673C /* ExtensionCollectoinView.swift in Sources */ = {isa = PBXBuildFile; fileRef = FB1BE3692636D7330004673C /* ExtensionCollectoinView.swift */; };
		FB1BE373263719540004673C /* Title16Bold.swift in Sources */ = {isa = PBXBuildFile; fileRef = FB1BE371263719540004673C /* Title16Bold.swift */; };
		FB1BE374263719540004673C /* Title16Bold.xib in Resources */ = {isa = PBXBuildFile; fileRef = FB1BE372263719540004673C /* Title16Bold.xib */; };
		FB1BE37926371BFA0004673C /* MainFeedCollectionView.swift in Sources */ = {isa = PBXBuildFile; fileRef = FB1BE37726371BFA0004673C /* MainFeedCollectionView.swift */; };
		FB1BE37A26371BFA0004673C /* MainFeedCollectionView.xib in Resources */ = {isa = PBXBuildFile; fileRef = FB1BE37826371BFA0004673C /* MainFeedCollectionView.xib */; };
		FB1BE3852637DF2B0004673C /* MainFeedCollectionViewCell.swift in Sources */ = {isa = PBXBuildFile; fileRef = FB1BE3832637DF2B0004673C /* MainFeedCollectionViewCell.swift */; };
		FB1BE3862637DF2B0004673C /* MainFeedCollectionViewCell.xib in Resources */ = {isa = PBXBuildFile; fileRef = FB1BE3842637DF2B0004673C /* MainFeedCollectionViewCell.xib */; };
		FB1BE38C26397EEE0004673C /* TestPopUpViewController.swift in Sources */ = {isa = PBXBuildFile; fileRef = FB1BE38A26397EEE0004673C /* TestPopUpViewController.swift */; };
		FB1BE38D26397EEE0004673C /* TestPopUpViewController.xib in Resources */ = {isa = PBXBuildFile; fileRef = FB1BE38B26397EEE0004673C /* TestPopUpViewController.xib */; };
/* End PBXBuildFile section */

/* Begin PBXFileReference section */
		05BE52896353D25BDEB75347 /* Pods-Restaurant.release.xcconfig */ = {isa = PBXFileReference; includeInIndex = 1; lastKnownFileType = text.xcconfig; name = "Pods-Restaurant.release.xcconfig"; path = "Target Support Files/Pods-Restaurant/Pods-Restaurant.release.xcconfig"; sourceTree = "<group>"; };
		52256FA6263D7B8400A056DE /* MyProfileSection.swift */ = {isa = PBXFileReference; lastKnownFileType = sourcecode.swift; path = MyProfileSection.swift; sourceTree = "<group>"; };
		52256FA7263D7B8400A056DE /* MyProfileSection.xib */ = {isa = PBXFileReference; lastKnownFileType = file.xib; path = MyProfileSection.xib; sourceTree = "<group>"; };
		52256FAA263D7F4300A056DE /* SeparateLineCollectionViewCell.swift */ = {isa = PBXFileReference; lastKnownFileType = sourcecode.swift; path = SeparateLineCollectionViewCell.swift; sourceTree = "<group>"; };
		52256FAB263D7F4300A056DE /* SeparateLineCollectionViewCell.xib */ = {isa = PBXFileReference; lastKnownFileType = file.xib; path = SeparateLineCollectionViewCell.xib; sourceTree = "<group>"; };
		52256FAF263DBEFA00A056DE /* ExtensionCollectionViewCell.swift */ = {isa = PBXFileReference; lastKnownFileType = sourcecode.swift; path = ExtensionCollectionViewCell.swift; sourceTree = "<group>"; };
		52256FBB263DF5DF00A056DE /* MyContentsCollectionView.swift */ = {isa = PBXFileReference; lastKnownFileType = sourcecode.swift; path = MyContentsCollectionView.swift; sourceTree = "<group>"; };
		52256FBC263DF5DF00A056DE /* MyContentsCollectionView.xib */ = {isa = PBXFileReference; lastKnownFileType = file.xib; path = MyContentsCollectionView.xib; sourceTree = "<group>"; };
		52256FBF263DF76500A056DE /* MyContentsCollectionViewCell.swift */ = {isa = PBXFileReference; lastKnownFileType = sourcecode.swift; path = MyContentsCollectionViewCell.swift; sourceTree = "<group>"; };
		52256FC0263DF76500A056DE /* MyContentsCollectionViewCell.xib */ = {isa = PBXFileReference; lastKnownFileType = file.xib; path = MyContentsCollectionViewCell.xib; sourceTree = "<group>"; };
		52256FD12644326300A056DE /* TestSheetViewController.swift */ = {isa = PBXFileReference; lastKnownFileType = sourcecode.swift; path = TestSheetViewController.swift; sourceTree = "<group>"; };
		52256FD22644326300A056DE /* TestSheetViewController.xib */ = {isa = PBXFileReference; lastKnownFileType = file.xib; path = TestSheetViewController.xib; sourceTree = "<group>"; };
		5239733B261B625000856C99 /* SearchViewController.swift */ = {isa = PBXFileReference; lastKnownFileType = sourcecode.swift; path = SearchViewController.swift; sourceTree = "<group>"; };
		5239733E261B629A00856C99 /* CreationViewController.swift */ = {isa = PBXFileReference; lastKnownFileType = sourcecode.swift; path = CreationViewController.swift; sourceTree = "<group>"; };
		52397341261B62A600856C99 /* MapViewController.swift */ = {isa = PBXFileReference; lastKnownFileType = sourcecode.swift; path = MapViewController.swift; sourceTree = "<group>"; };
		52397344261B62AF00856C99 /* MyViewController.swift */ = {isa = PBXFileReference; lastKnownFileType = sourcecode.swift; path = MyViewController.swift; sourceTree = "<group>"; };
		528558D42621EC5000AB4E28 /* HomeViewModel.swift */ = {isa = PBXFileReference; lastKnownFileType = sourcecode.swift; path = HomeViewModel.swift; sourceTree = "<group>"; };
		528558EC26249DDF00AB4E28 /* TestViewController.swift */ = {isa = PBXFileReference; lastKnownFileType = sourcecode.swift; path = TestViewController.swift; sourceTree = "<group>"; };
		528558F12624A2E700AB4E28 /* TestMapViewController.swift */ = {isa = PBXFileReference; lastKnownFileType = sourcecode.swift; path = TestMapViewController.swift; sourceTree = "<group>"; };
		528558F22624A2E700AB4E28 /* TestMapViewController.xib */ = {isa = PBXFileReference; lastKnownFileType = file.xib; path = TestMapViewController.xib; sourceTree = "<group>"; };
		528558F62624A99000AB4E28 /* BaseViewController.swift */ = {isa = PBXFileReference; lastKnownFileType = sourcecode.swift; path = BaseViewController.swift; sourceTree = "<group>"; };
		528559062629E8F800AB4E28 /* Restaurant.entitlements */ = {isa = PBXFileReference; lastKnownFileType = text.plist.entitlements; path = Restaurant.entitlements; sourceTree = "<group>"; };
		528559092629ECB900AB4E28 /* TestLoginViewController.swift */ = {isa = PBXFileReference; lastKnownFileType = sourcecode.swift; path = TestLoginViewController.swift; sourceTree = "<group>"; };
		5285590A2629ECB900AB4E28 /* TestLoginViewController.xib */ = {isa = PBXFileReference; lastKnownFileType = file.xib; path = TestLoginViewController.xib; sourceTree = "<group>"; };
		5285592A262DD99400AB4E28 /* MainTabBarController.swift */ = {isa = PBXFileReference; lastKnownFileType = sourcecode.swift; path = MainTabBarController.swift; sourceTree = "<group>"; };
		5285592F262DE5A700AB4E28 /* TabBarItem.swift */ = {isa = PBXFileReference; lastKnownFileType = sourcecode.swift; path = TabBarItem.swift; sourceTree = "<group>"; };
		529CF0C0261A0AF6002CAD5C /* Restaurant.app */ = {isa = PBXFileReference; explicitFileType = wrapper.application; includeInIndex = 0; path = Restaurant.app; sourceTree = BUILT_PRODUCTS_DIR; };
		529CF0C3261A0AF6002CAD5C /* AppDelegate.swift */ = {isa = PBXFileReference; lastKnownFileType = sourcecode.swift; path = AppDelegate.swift; sourceTree = "<group>"; };
		529CF0C5261A0AF6002CAD5C /* SceneDelegate.swift */ = {isa = PBXFileReference; lastKnownFileType = sourcecode.swift; path = SceneDelegate.swift; sourceTree = "<group>"; };
		529CF0C7261A0AF6002CAD5C /* HomeViewController.swift */ = {isa = PBXFileReference; lastKnownFileType = sourcecode.swift; path = HomeViewController.swift; sourceTree = "<group>"; };
		529CF0CA261A0AF6002CAD5C /* Base */ = {isa = PBXFileReference; lastKnownFileType = file.storyboard; name = Base; path = Base.lproj/Main.storyboard; sourceTree = "<group>"; };
		529CF0CC261A0AF6002CAD5C /* Assets.xcassets */ = {isa = PBXFileReference; lastKnownFileType = folder.assetcatalog; path = Assets.xcassets; sourceTree = "<group>"; };
		529CF0CF261A0AF6002CAD5C /* Base */ = {isa = PBXFileReference; lastKnownFileType = file.storyboard; name = Base; path = Base.lproj/LaunchScreen.storyboard; sourceTree = "<group>"; };
		529CF0D1261A0AF6002CAD5C /* Info.plist */ = {isa = PBXFileReference; lastKnownFileType = text.plist.xml; path = Info.plist; sourceTree = "<group>"; };
		F3F3CE4B984E3614EE1907F2 /* Pods_Restaurant.framework */ = {isa = PBXFileReference; explicitFileType = wrapper.framework; includeInIndex = 0; path = Pods_Restaurant.framework; sourceTree = BUILT_PRODUCTS_DIR; };
		F75B0324971F60862967CD66 /* Pods-Restaurant.debug.xcconfig */ = {isa = PBXFileReference; includeInIndex = 1; lastKnownFileType = text.xcconfig; name = "Pods-Restaurant.debug.xcconfig"; path = "Target Support Files/Pods-Restaurant/Pods-Restaurant.debug.xcconfig"; sourceTree = "<group>"; };
		FB1BE3632636CB540004673C /* MainTitleSection.swift */ = {isa = PBXFileReference; lastKnownFileType = sourcecode.swift; path = MainTitleSection.swift; sourceTree = "<group>"; };
		FB1BE3642636CB540004673C /* MainTitleSection.xib */ = {isa = PBXFileReference; lastKnownFileType = file.xib; path = MainTitleSection.xib; sourceTree = "<group>"; };
		FB1BE3692636D7330004673C /* ExtensionCollectoinView.swift */ = {isa = PBXFileReference; lastKnownFileType = sourcecode.swift; path = ExtensionCollectoinView.swift; sourceTree = "<group>"; };
		FB1BE371263719540004673C /* Title16Bold.swift */ = {isa = PBXFileReference; lastKnownFileType = sourcecode.swift; path = Title16Bold.swift; sourceTree = "<group>"; };
		FB1BE372263719540004673C /* Title16Bold.xib */ = {isa = PBXFileReference; lastKnownFileType = file.xib; path = Title16Bold.xib; sourceTree = "<group>"; };
		FB1BE37726371BFA0004673C /* MainFeedCollectionView.swift */ = {isa = PBXFileReference; lastKnownFileType = sourcecode.swift; path = MainFeedCollectionView.swift; sourceTree = "<group>"; };
		FB1BE37826371BFA0004673C /* MainFeedCollectionView.xib */ = {isa = PBXFileReference; lastKnownFileType = file.xib; path = MainFeedCollectionView.xib; sourceTree = "<group>"; };
		FB1BE3832637DF2B0004673C /* MainFeedCollectionViewCell.swift */ = {isa = PBXFileReference; lastKnownFileType = sourcecode.swift; path = MainFeedCollectionViewCell.swift; sourceTree = "<group>"; };
		FB1BE3842637DF2B0004673C /* MainFeedCollectionViewCell.xib */ = {isa = PBXFileReference; lastKnownFileType = file.xib; path = MainFeedCollectionViewCell.xib; sourceTree = "<group>"; };
		FB1BE38A26397EEE0004673C /* TestPopUpViewController.swift */ = {isa = PBXFileReference; lastKnownFileType = sourcecode.swift; path = TestPopUpViewController.swift; sourceTree = "<group>"; };
		FB1BE38B26397EEE0004673C /* TestPopUpViewController.xib */ = {isa = PBXFileReference; lastKnownFileType = file.xib; path = TestPopUpViewController.xib; sourceTree = "<group>"; };
/* End PBXFileReference section */

/* Begin PBXFrameworksBuildPhase section */
		529CF0BD261A0AF5002CAD5C /* Frameworks */ = {
			isa = PBXFrameworksBuildPhase;
			buildActionMask = 2147483647;
			files = (
				F229FDEFC23BC3F98E7FDAC0 /* Pods_Restaurant.framework in Frameworks */,
			);
			runOnlyForDeploymentPostprocessing = 0;
		};
/* End PBXFrameworksBuildPhase section */

/* Begin PBXGroup section */
		52256FAE263D7F4C00A056DE /* SeparateLine */ = {
			isa = PBXGroup;
			children = (
				52256FAA263D7F4300A056DE /* SeparateLineCollectionViewCell.swift */,
				52256FAB263D7F4300A056DE /* SeparateLineCollectionViewCell.xib */,
			);
			path = SeparateLine;
			sourceTree = "<group>";
		};
		52256FB7263DF41000A056DE /* CollectioinView */ = {
			isa = PBXGroup;
			children = (
				FB1BE37726371BFA0004673C /* MainFeedCollectionView.swift */,
				FB1BE37826371BFA0004673C /* MainFeedCollectionView.xib */,
				52256FBB263DF5DF00A056DE /* MyContentsCollectionView.swift */,
				52256FBC263DF5DF00A056DE /* MyContentsCollectionView.xib */,
				FB1BE3822637DF110004673C /* CollectionViewCell */,
			);
			path = CollectioinView;
			sourceTree = "<group>";
		};
		52256FB8263DF48B00A056DE /* Section */ = {
			isa = PBXGroup;
			children = (
				FB1BE3632636CB540004673C /* MainTitleSection.swift */,
				FB1BE3642636CB540004673C /* MainTitleSection.xib */,
				52256FA6263D7B8400A056DE /* MyProfileSection.swift */,
				52256FA7263D7B8400A056DE /* MyProfileSection.xib */,
			);
			path = Section;
			sourceTree = "<group>";
		};
		52256FB9263DF4BD00A056DE /* MainTabBar */ = {
			isa = PBXGroup;
			children = (
				528558F62624A99000AB4E28 /* BaseViewController.swift */,
				5285592A262DD99400AB4E28 /* MainTabBarController.swift */,
				52397335261B612B00856C99 /* Home */,
				52397336261B613E00856C99 /* Search */,
				52397339261B616A00856C99 /* Creation */,
				52397337261B614C00856C99 /* Map */,
				52397338261B615100856C99 /* My */,
				528558EB26249DC300AB4E28 /* Test */,
			);
			path = MainTabBar;
			sourceTree = "<group>";
		};
		52256FD02644323800A056DE /* TestSheet */ = {
			isa = PBXGroup;
			children = (
				52256FD12644326300A056DE /* TestSheetViewController.swift */,
				52256FD22644326300A056DE /* TestSheetViewController.xib */,
			);
			path = TestSheet;
			sourceTree = "<group>";
		};
		52397335261B612B00856C99 /* Home */ = {
			isa = PBXGroup;
			children = (
				529CF0C7261A0AF6002CAD5C /* HomeViewController.swift */,
				528558D42621EC5000AB4E28 /* HomeViewModel.swift */,
			);
			path = Home;
			sourceTree = "<group>";
		};
		52397336261B613E00856C99 /* Search */ = {
			isa = PBXGroup;
			children = (
				5239733B261B625000856C99 /* SearchViewController.swift */,
			);
			path = Search;
			sourceTree = "<group>";
		};
		52397337261B614C00856C99 /* Map */ = {
			isa = PBXGroup;
			children = (
				52397341261B62A600856C99 /* MapViewController.swift */,
			);
			path = Map;
			sourceTree = "<group>";
		};
		52397338261B615100856C99 /* My */ = {
			isa = PBXGroup;
			children = (
				52397344261B62AF00856C99 /* MyViewController.swift */,
			);
			path = My;
			sourceTree = "<group>";
		};
		52397339261B616A00856C99 /* Creation */ = {
			isa = PBXGroup;
			children = (
				5239733E261B629A00856C99 /* CreationViewController.swift */,
			);
			path = Creation;
			sourceTree = "<group>";
		};
		528558EB26249DC300AB4E28 /* Test */ = {
			isa = PBXGroup;
			children = (
				528558EC26249DDF00AB4E28 /* TestViewController.swift */,
				528558F02624A2D000AB4E28 /* TestMap */,
				528559082629EC9800AB4E28 /* TestLogin */,
				FB1BE38926397ECF0004673C /* TestPopUp */,
				52256FD02644323800A056DE /* TestSheet */,
			);
			path = Test;
			sourceTree = "<group>";
		};
		528558F02624A2D000AB4E28 /* TestMap */ = {
			isa = PBXGroup;
			children = (
				528558F12624A2E700AB4E28 /* TestMapViewController.swift */,
				528558F22624A2E700AB4E28 /* TestMapViewController.xib */,
			);
			path = TestMap;
			sourceTree = "<group>";
		};
		528559082629EC9800AB4E28 /* TestLogin */ = {
			isa = PBXGroup;
			children = (
				528559092629ECB900AB4E28 /* TestLoginViewController.swift */,
				5285590A2629ECB900AB4E28 /* TestLoginViewController.xib */,
			);
			path = TestLogin;
			sourceTree = "<group>";
		};
		5285592E262DE59400AB4E28 /* Enum */ = {
			isa = PBXGroup;
			children = (
				5285592F262DE5A700AB4E28 /* TabBarItem.swift */,
			);
			path = Enum;
			sourceTree = "<group>";
		};
		529CF0B7261A0AF5002CAD5C = {
			isa = PBXGroup;
			children = (
				529CF0C2261A0AF6002CAD5C /* Restaurant */,
				529CF0C1261A0AF6002CAD5C /* Products */,
				BAD0D0002B1866039900D08A /* Pods */,
				A203FF2DB1874DB8B54497D7 /* Frameworks */,
			);
			sourceTree = "<group>";
		};
		529CF0C1261A0AF6002CAD5C /* Products */ = {
			isa = PBXGroup;
			children = (
				529CF0C0261A0AF6002CAD5C /* Restaurant.app */,
			);
			name = Products;
			sourceTree = "<group>";
		};
		529CF0C2261A0AF6002CAD5C /* Restaurant */ = {
			isa = PBXGroup;
			children = (
				FB1BE3682636D7170004673C /* Extensions */,
				5285592E262DE59400AB4E28 /* Enum */,
				52256FB9263DF4BD00A056DE /* MainTabBar */,
				FB1BE3612636C9F10004673C /* Module */,
				528559062629E8F800AB4E28 /* Restaurant.entitlements */,
				529CF0C3261A0AF6002CAD5C /* AppDelegate.swift */,
				529CF0C5261A0AF6002CAD5C /* SceneDelegate.swift */,
				529CF0C9261A0AF6002CAD5C /* Main.storyboard */,
				529CF0CC261A0AF6002CAD5C /* Assets.xcassets */,
				529CF0CE261A0AF6002CAD5C /* LaunchScreen.storyboard */,
				529CF0D1261A0AF6002CAD5C /* Info.plist */,
			);
			path = Restaurant;
			sourceTree = "<group>";
		};
		A203FF2DB1874DB8B54497D7 /* Frameworks */ = {
			isa = PBXGroup;
			children = (
				F3F3CE4B984E3614EE1907F2 /* Pods_Restaurant.framework */,
			);
			name = Frameworks;
			sourceTree = "<group>";
		};
		BAD0D0002B1866039900D08A /* Pods */ = {
			isa = PBXGroup;
			children = (
				F75B0324971F60862967CD66 /* Pods-Restaurant.debug.xcconfig */,
				05BE52896353D25BDEB75347 /* Pods-Restaurant.release.xcconfig */,
			);
			path = Pods;
			sourceTree = "<group>";
		};
		FB1BE3612636C9F10004673C /* Module */ = {
			isa = PBXGroup;
			children = (
				52256FAE263D7F4C00A056DE /* SeparateLine */,
				FB1BE3702637191C0004673C /* Title */,
				52256FB8263DF48B00A056DE /* Section */,
				52256FB7263DF41000A056DE /* CollectioinView */,
			);
			path = Module;
			sourceTree = "<group>";
		};
		FB1BE3682636D7170004673C /* Extensions */ = {
			isa = PBXGroup;
			children = (
				FB1BE3692636D7330004673C /* ExtensionCollectoinView.swift */,
				52256FAF263DBEFA00A056DE /* ExtensionCollectionViewCell.swift */,
			);
			path = Extensions;
			sourceTree = "<group>";
		};
		FB1BE3702637191C0004673C /* Title */ = {
			isa = PBXGroup;
			children = (
				FB1BE371263719540004673C /* Title16Bold.swift */,
				FB1BE372263719540004673C /* Title16Bold.xib */,
			);
			path = Title;
			sourceTree = "<group>";
		};
		FB1BE3822637DF110004673C /* CollectionViewCell */ = {
			isa = PBXGroup;
			children = (
				FB1BE3832637DF2B0004673C /* MainFeedCollectionViewCell.swift */,
				FB1BE3842637DF2B0004673C /* MainFeedCollectionViewCell.xib */,
				52256FBF263DF76500A056DE /* MyContentsCollectionViewCell.swift */,
				52256FC0263DF76500A056DE /* MyContentsCollectionViewCell.xib */,
			);
			path = CollectionViewCell;
			sourceTree = "<group>";
		};
		FB1BE38926397ECF0004673C /* TestPopUp */ = {
			isa = PBXGroup;
			children = (
				FB1BE38A26397EEE0004673C /* TestPopUpViewController.swift */,
				FB1BE38B26397EEE0004673C /* TestPopUpViewController.xib */,
			);
			path = TestPopUp;
			sourceTree = "<group>";
		};
/* End PBXGroup section */

/* Begin PBXNativeTarget section */
		529CF0BF261A0AF5002CAD5C /* Restaurant */ = {
			isa = PBXNativeTarget;
			buildConfigurationList = 529CF0D4261A0AF6002CAD5C /* Build configuration list for PBXNativeTarget "Restaurant" */;
			buildPhases = (
				2F8F9D3B05E2AD6FAD4DD5CC /* [CP] Check Pods Manifest.lock */,
				529CF0BC261A0AF5002CAD5C /* Sources */,
				529CF0BD261A0AF5002CAD5C /* Frameworks */,
				529CF0BE261A0AF5002CAD5C /* Resources */,
				4C3AE13D2C101577896A7B4D /* [CP] Embed Pods Frameworks */,
			);
			buildRules = (
			);
			dependencies = (
			);
			name = Restaurant;
			productName = Restaurant;
			productReference = 529CF0C0261A0AF6002CAD5C /* Restaurant.app */;
			productType = "com.apple.product-type.application";
		};
/* End PBXNativeTarget section */

/* Begin PBXProject section */
		529CF0B8261A0AF5002CAD5C /* Project object */ = {
			isa = PBXProject;
			attributes = {
				LastSwiftUpdateCheck = 1240;
				LastUpgradeCheck = 1240;
				TargetAttributes = {
					529CF0BF261A0AF5002CAD5C = {
						CreatedOnToolsVersion = 12.4;
					};
				};
			};
			buildConfigurationList = 529CF0BB261A0AF5002CAD5C /* Build configuration list for PBXProject "Restaurant" */;
			compatibilityVersion = "Xcode 9.3";
			developmentRegion = en;
			hasScannedForEncodings = 0;
			knownRegions = (
				en,
				Base,
			);
			mainGroup = 529CF0B7261A0AF5002CAD5C;
			productRefGroup = 529CF0C1261A0AF6002CAD5C /* Products */;
			projectDirPath = "";
			projectRoot = "";
			targets = (
				529CF0BF261A0AF5002CAD5C /* Restaurant */,
			);
		};
/* End PBXProject section */

/* Begin PBXResourcesBuildPhase section */
		529CF0BE261A0AF5002CAD5C /* Resources */ = {
			isa = PBXResourcesBuildPhase;
			buildActionMask = 2147483647;
			files = (
				529CF0D0261A0AF6002CAD5C /* LaunchScreen.storyboard in Resources */,
				5285590C2629ECB900AB4E28 /* TestLoginViewController.xib in Resources */,
				52256FA9263D7B8400A056DE /* MyProfileSection.xib in Resources */,
				529CF0CD261A0AF6002CAD5C /* Assets.xcassets in Resources */,
				FB1BE37A26371BFA0004673C /* MainFeedCollectionView.xib in Resources */,
				FB1BE374263719540004673C /* Title16Bold.xib in Resources */,
				52256FC2263DF76500A056DE /* MyContentsCollectionViewCell.xib in Resources */,
				52256FBE263DF5DF00A056DE /* MyContentsCollectionView.xib in Resources */,
				FB1BE3862637DF2B0004673C /* MainFeedCollectionViewCell.xib in Resources */,
				52256FAD263D7F4300A056DE /* SeparateLineCollectionViewCell.xib in Resources */,
				52256FD42644326300A056DE /* TestSheetViewController.xib in Resources */,
				FB1BE3662636CB540004673C /* MainTitleSection.xib in Resources */,
				529CF0CB261A0AF6002CAD5C /* Main.storyboard in Resources */,
				528558F42624A2E700AB4E28 /* TestMapViewController.xib in Resources */,
				FB1BE38D26397EEE0004673C /* TestPopUpViewController.xib in Resources */,
			);
			runOnlyForDeploymentPostprocessing = 0;
		};
/* End PBXResourcesBuildPhase section */

/* Begin PBXShellScriptBuildPhase section */
		2F8F9D3B05E2AD6FAD4DD5CC /* [CP] Check Pods Manifest.lock */ = {
			isa = PBXShellScriptBuildPhase;
			buildActionMask = 2147483647;
			files = (
			);
			inputFileListPaths = (
			);
			inputPaths = (
				"${PODS_PODFILE_DIR_PATH}/Podfile.lock",
				"${PODS_ROOT}/Manifest.lock",
			);
			name = "[CP] Check Pods Manifest.lock";
			outputFileListPaths = (
			);
			outputPaths = (
				"$(DERIVED_FILE_DIR)/Pods-Restaurant-checkManifestLockResult.txt",
			);
			runOnlyForDeploymentPostprocessing = 0;
			shellPath = /bin/sh;
			shellScript = "diff \"${PODS_PODFILE_DIR_PATH}/Podfile.lock\" \"${PODS_ROOT}/Manifest.lock\" > /dev/null\nif [ $? != 0 ] ; then\n    # print error to STDERR\n    echo \"error: The sandbox is not in sync with the Podfile.lock. Run 'pod install' or update your CocoaPods installation.\" >&2\n    exit 1\nfi\n# This output is used by Xcode 'outputs' to avoid re-running this script phase.\necho \"SUCCESS\" > \"${SCRIPT_OUTPUT_FILE_0}\"\n";
			showEnvVarsInLog = 0;
		};
		4C3AE13D2C101577896A7B4D /* [CP] Embed Pods Frameworks */ = {
			isa = PBXShellScriptBuildPhase;
			buildActionMask = 2147483647;
			files = (
			);
			inputFileListPaths = (
				"${PODS_ROOT}/Target Support Files/Pods-Restaurant/Pods-Restaurant-frameworks-${CONFIGURATION}-input-files.xcfilelist",
			);
			name = "[CP] Embed Pods Frameworks";
			outputFileListPaths = (
				"${PODS_ROOT}/Target Support Files/Pods-Restaurant/Pods-Restaurant-frameworks-${CONFIGURATION}-output-files.xcfilelist",
			);
			runOnlyForDeploymentPostprocessing = 0;
			shellPath = /bin/sh;
			shellScript = "\"${PODS_ROOT}/Target Support Files/Pods-Restaurant/Pods-Restaurant-frameworks.sh\"\n";
			showEnvVarsInLog = 0;
		};
/* End PBXShellScriptBuildPhase section */

/* Begin PBXSourcesBuildPhase section */
		529CF0BC261A0AF5002CAD5C /* Sources */ = {
			isa = PBXSourcesBuildPhase;
			buildActionMask = 2147483647;
			files = (
				5239733F261B629A00856C99 /* CreationViewController.swift in Sources */,
				52256FC1263DF76500A056DE /* MyContentsCollectionViewCell.swift in Sources */,
				52397342261B62A600856C99 /* MapViewController.swift in Sources */,
				528558F72624A99000AB4E28 /* BaseViewController.swift in Sources */,
				FB1BE38C26397EEE0004673C /* TestPopUpViewController.swift in Sources */,
				52256FBD263DF5DF00A056DE /* MyContentsCollectionView.swift in Sources */,
				FB1BE37926371BFA0004673C /* MainFeedCollectionView.swift in Sources */,
				52256FAC263D7F4300A056DE /* SeparateLineCollectionViewCell.swift in Sources */,
				529CF0C8261A0AF6002CAD5C /* HomeViewController.swift in Sources */,
				52256FB0263DBEFA00A056DE /* ExtensionCollectionViewCell.swift in Sources */,
				52256FA8263D7B8400A056DE /* MyProfileSection.swift in Sources */,
				52855930262DE5A700AB4E28 /* TabBarItem.swift in Sources */,
				5285590B2629ECB900AB4E28 /* TestLoginViewController.swift in Sources */,
				FB1BE3652636CB540004673C /* MainTitleSection.swift in Sources */,
				528558F32624A2E700AB4E28 /* TestMapViewController.swift in Sources */,
				528558D52621EC5000AB4E28 /* HomeViewModel.swift in Sources */,
				5285592B262DD99400AB4E28 /* MainTabBarController.swift in Sources */,
				52397345261B62AF00856C99 /* MyViewController.swift in Sources */,
				529CF0C4261A0AF6002CAD5C /* AppDelegate.swift in Sources */,
				FB1BE3852637DF2B0004673C /* MainFeedCollectionViewCell.swift in Sources */,
				52256FD32644326300A056DE /* TestSheetViewController.swift in Sources */,
				FB1BE36A2636D7330004673C /* ExtensionCollectoinView.swift in Sources */,
				5239733C261B625000856C99 /* SearchViewController.swift in Sources */,
				528558ED26249DDF00AB4E28 /* TestViewController.swift in Sources */,
				FB1BE373263719540004673C /* Title16Bold.swift in Sources */,
				529CF0C6261A0AF6002CAD5C /* SceneDelegate.swift in Sources */,
			);
			runOnlyForDeploymentPostprocessing = 0;
		};
/* End PBXSourcesBuildPhase section */

/* Begin PBXVariantGroup section */
		529CF0C9261A0AF6002CAD5C /* Main.storyboard */ = {
			isa = PBXVariantGroup;
			children = (
				529CF0CA261A0AF6002CAD5C /* Base */,
			);
			name = Main.storyboard;
			sourceTree = "<group>";
		};
		529CF0CE261A0AF6002CAD5C /* LaunchScreen.storyboard */ = {
			isa = PBXVariantGroup;
			children = (
				529CF0CF261A0AF6002CAD5C /* Base */,
			);
			name = LaunchScreen.storyboard;
			sourceTree = "<group>";
		};
/* End PBXVariantGroup section */

/* Begin XCBuildConfiguration section */
		529CF0D2261A0AF6002CAD5C /* Debug */ = {
			isa = XCBuildConfiguration;
			buildSettings = {
				ALWAYS_SEARCH_USER_PATHS = NO;
				CLANG_ANALYZER_NONNULL = YES;
				CLANG_ANALYZER_NUMBER_OBJECT_CONVERSION = YES_AGGRESSIVE;
				CLANG_CXX_LANGUAGE_STANDARD = "gnu++14";
				CLANG_CXX_LIBRARY = "libc++";
				CLANG_ENABLE_MODULES = YES;
				CLANG_ENABLE_OBJC_ARC = YES;
				CLANG_ENABLE_OBJC_WEAK = YES;
				CLANG_WARN_BLOCK_CAPTURE_AUTORELEASING = YES;
				CLANG_WARN_BOOL_CONVERSION = YES;
				CLANG_WARN_COMMA = YES;
				CLANG_WARN_CONSTANT_CONVERSION = YES;
				CLANG_WARN_DEPRECATED_OBJC_IMPLEMENTATIONS = YES;
				CLANG_WARN_DIRECT_OBJC_ISA_USAGE = YES_ERROR;
				CLANG_WARN_DOCUMENTATION_COMMENTS = YES;
				CLANG_WARN_EMPTY_BODY = YES;
				CLANG_WARN_ENUM_CONVERSION = YES;
				CLANG_WARN_INFINITE_RECURSION = YES;
				CLANG_WARN_INT_CONVERSION = YES;
				CLANG_WARN_NON_LITERAL_NULL_CONVERSION = YES;
				CLANG_WARN_OBJC_IMPLICIT_RETAIN_SELF = YES;
				CLANG_WARN_OBJC_LITERAL_CONVERSION = YES;
				CLANG_WARN_OBJC_ROOT_CLASS = YES_ERROR;
				CLANG_WARN_QUOTED_INCLUDE_IN_FRAMEWORK_HEADER = YES;
				CLANG_WARN_RANGE_LOOP_ANALYSIS = YES;
				CLANG_WARN_STRICT_PROTOTYPES = YES;
				CLANG_WARN_SUSPICIOUS_MOVE = YES;
				CLANG_WARN_UNGUARDED_AVAILABILITY = YES_AGGRESSIVE;
				CLANG_WARN_UNREACHABLE_CODE = YES;
				CLANG_WARN__DUPLICATE_METHOD_MATCH = YES;
				COPY_PHASE_STRIP = NO;
				DEBUG_INFORMATION_FORMAT = dwarf;
				ENABLE_STRICT_OBJC_MSGSEND = YES;
				ENABLE_TESTABILITY = YES;
				GCC_C_LANGUAGE_STANDARD = gnu11;
				GCC_DYNAMIC_NO_PIC = NO;
				GCC_NO_COMMON_BLOCKS = YES;
				GCC_OPTIMIZATION_LEVEL = 0;
				GCC_PREPROCESSOR_DEFINITIONS = (
					"DEBUG=1",
					"$(inherited)",
				);
				GCC_WARN_64_TO_32_BIT_CONVERSION = YES;
				GCC_WARN_ABOUT_RETURN_TYPE = YES_ERROR;
				GCC_WARN_UNDECLARED_SELECTOR = YES;
				GCC_WARN_UNINITIALIZED_AUTOS = YES_AGGRESSIVE;
				GCC_WARN_UNUSED_FUNCTION = YES;
				GCC_WARN_UNUSED_VARIABLE = YES;
				IPHONEOS_DEPLOYMENT_TARGET = 13.0;
				MTL_ENABLE_DEBUG_INFO = INCLUDE_SOURCE;
				MTL_FAST_MATH = YES;
				ONLY_ACTIVE_ARCH = YES;
				SDKROOT = iphoneos;
				SWIFT_ACTIVE_COMPILATION_CONDITIONS = DEBUG;
				SWIFT_OPTIMIZATION_LEVEL = "-Onone";
			};
			name = Debug;
		};
		529CF0D3261A0AF6002CAD5C /* Release */ = {
			isa = XCBuildConfiguration;
			buildSettings = {
				ALWAYS_SEARCH_USER_PATHS = NO;
				CLANG_ANALYZER_NONNULL = YES;
				CLANG_ANALYZER_NUMBER_OBJECT_CONVERSION = YES_AGGRESSIVE;
				CLANG_CXX_LANGUAGE_STANDARD = "gnu++14";
				CLANG_CXX_LIBRARY = "libc++";
				CLANG_ENABLE_MODULES = YES;
				CLANG_ENABLE_OBJC_ARC = YES;
				CLANG_ENABLE_OBJC_WEAK = YES;
				CLANG_WARN_BLOCK_CAPTURE_AUTORELEASING = YES;
				CLANG_WARN_BOOL_CONVERSION = YES;
				CLANG_WARN_COMMA = YES;
				CLANG_WARN_CONSTANT_CONVERSION = YES;
				CLANG_WARN_DEPRECATED_OBJC_IMPLEMENTATIONS = YES;
				CLANG_WARN_DIRECT_OBJC_ISA_USAGE = YES_ERROR;
				CLANG_WARN_DOCUMENTATION_COMMENTS = YES;
				CLANG_WARN_EMPTY_BODY = YES;
				CLANG_WARN_ENUM_CONVERSION = YES;
				CLANG_WARN_INFINITE_RECURSION = YES;
				CLANG_WARN_INT_CONVERSION = YES;
				CLANG_WARN_NON_LITERAL_NULL_CONVERSION = YES;
				CLANG_WARN_OBJC_IMPLICIT_RETAIN_SELF = YES;
				CLANG_WARN_OBJC_LITERAL_CONVERSION = YES;
				CLANG_WARN_OBJC_ROOT_CLASS = YES_ERROR;
				CLANG_WARN_QUOTED_INCLUDE_IN_FRAMEWORK_HEADER = YES;
				CLANG_WARN_RANGE_LOOP_ANALYSIS = YES;
				CLANG_WARN_STRICT_PROTOTYPES = YES;
				CLANG_WARN_SUSPICIOUS_MOVE = YES;
				CLANG_WARN_UNGUARDED_AVAILABILITY = YES_AGGRESSIVE;
				CLANG_WARN_UNREACHABLE_CODE = YES;
				CLANG_WARN__DUPLICATE_METHOD_MATCH = YES;
				COPY_PHASE_STRIP = NO;
				DEBUG_INFORMATION_FORMAT = "dwarf-with-dsym";
				ENABLE_NS_ASSERTIONS = NO;
				ENABLE_STRICT_OBJC_MSGSEND = YES;
				GCC_C_LANGUAGE_STANDARD = gnu11;
				GCC_NO_COMMON_BLOCKS = YES;
				GCC_WARN_64_TO_32_BIT_CONVERSION = YES;
				GCC_WARN_ABOUT_RETURN_TYPE = YES_ERROR;
				GCC_WARN_UNDECLARED_SELECTOR = YES;
				GCC_WARN_UNINITIALIZED_AUTOS = YES_AGGRESSIVE;
				GCC_WARN_UNUSED_FUNCTION = YES;
				GCC_WARN_UNUSED_VARIABLE = YES;
				IPHONEOS_DEPLOYMENT_TARGET = 13.0;
				MTL_ENABLE_DEBUG_INFO = NO;
				MTL_FAST_MATH = YES;
				SDKROOT = iphoneos;
				SWIFT_COMPILATION_MODE = wholemodule;
				SWIFT_OPTIMIZATION_LEVEL = "-O";
				VALIDATE_PRODUCT = YES;
			};
			name = Release;
		};
		529CF0D5261A0AF6002CAD5C /* Debug */ = {
			isa = XCBuildConfiguration;
			baseConfigurationReference = F75B0324971F60862967CD66 /* Pods-Restaurant.debug.xcconfig */;
			buildSettings = {
				ASSETCATALOG_COMPILER_APPICON_NAME = AppIcon;
				ASSETCATALOG_COMPILER_GLOBAL_ACCENT_COLOR_NAME = AccentColor;
				CODE_SIGN_ENTITLEMENTS = Restaurant/Restaurant.entitlements;
				CODE_SIGN_IDENTITY = "Apple Development";
				CODE_SIGN_STYLE = Automatic;
				DEVELOPMENT_TEAM = 833DD2H3KD;
				INFOPLIST_FILE = Restaurant/Info.plist;
				LD_RUNPATH_SEARCH_PATHS = (
					"$(inherited)",
					"@executable_path/Frameworks",
				);
				PRODUCT_BUNDLE_IDENTIFIER = Container.Restaurant.iOS;
				PRODUCT_NAME = "$(TARGET_NAME)";
				PROVISIONING_PROFILE_SPECIFIER = "";
				SWIFT_VERSION = 5.0;
				TARGETED_DEVICE_FAMILY = "1,2";
			};
			name = Debug;
		};
		529CF0D6261A0AF6002CAD5C /* Release */ = {
			isa = XCBuildConfiguration;
			baseConfigurationReference = 05BE52896353D25BDEB75347 /* Pods-Restaurant.release.xcconfig */;
			buildSettings = {
				ASSETCATALOG_COMPILER_APPICON_NAME = AppIcon;
				ASSETCATALOG_COMPILER_GLOBAL_ACCENT_COLOR_NAME = AccentColor;
				CODE_SIGN_ENTITLEMENTS = Restaurant/Restaurant.entitlements;
				CODE_SIGN_IDENTITY = "Apple Development";
				CODE_SIGN_STYLE = Automatic;
				DEVELOPMENT_TEAM = 833DD2H3KD;
				INFOPLIST_FILE = Restaurant/Info.plist;
				LD_RUNPATH_SEARCH_PATHS = (
					"$(inherited)",
					"@executable_path/Frameworks",
				);
				PRODUCT_BUNDLE_IDENTIFIER = Container.Restaurant.iOS;
				PRODUCT_NAME = "$(TARGET_NAME)";
				PROVISIONING_PROFILE_SPECIFIER = "";
				SWIFT_VERSION = 5.0;
				TARGETED_DEVICE_FAMILY = "1,2";
			};
			name = Release;
		};
/* End XCBuildConfiguration section */

/* Begin XCConfigurationList section */
		529CF0BB261A0AF5002CAD5C /* Build configuration list for PBXProject "Restaurant" */ = {
			isa = XCConfigurationList;
			buildConfigurations = (
				529CF0D2261A0AF6002CAD5C /* Debug */,
				529CF0D3261A0AF6002CAD5C /* Release */,
			);
			defaultConfigurationIsVisible = 0;
			defaultConfigurationName = Release;
		};
		529CF0D4261A0AF6002CAD5C /* Build configuration list for PBXNativeTarget "Restaurant" */ = {
			isa = XCConfigurationList;
			buildConfigurations = (
				529CF0D5261A0AF6002CAD5C /* Debug */,
				529CF0D6261A0AF6002CAD5C /* Release */,
			);
			defaultConfigurationIsVisible = 0;
			defaultConfigurationName = Release;
		};
/* End XCConfigurationList section */
	};
	rootObject = 529CF0B8261A0AF5002CAD5C /* Project object */;
}
